
Microsoft Visual Studio Solution File, Format Version 12.00
# Visual Studio Version 17
VisualStudioVersion = 17.4.33213.308
MinimumVisualStudioVersion = 10.0.40219.1
Project("{9A19103F-16F7-4668-BE54-9A1E7A4F7556}") = "ChatWebApp", "ChatChallenge\ChatWebApp.csproj", "{C14DDE23-E84A-4E25-9B47-E5272E3B1BF6}"
EndProject
Project("{9A19103F-16F7-4668-BE54-9A1E7A4F7556}") = "StockBot", "StockBot\StockBot.csproj", "{119494E3-E985-4EB1-BE5C-730D805ECCB4}"
EndProject
Project("{9A19103F-16F7-4668-BE54-9A1E7A4F7556}") = "Contracts", "Contracts\Contracts.csproj", "{E94028AF-BC5A-4821-9651-EAA194F595B2}"
EndProject
Project("{9A19103F-16F7-4668-BE54-9A1E7A4F7556}") = "BotCommandValidator", "BotCommandValidator\BotCommandValidator.csproj", "{1297B3E2-A41A-4529-AEB5-CEFD5ABC1D93}"
EndProject
Project("{FAE04EC0-301F-11D3-BF4B-00C04F79EFBC}") = "BotCommandValidatorTests", "BotCommandValidatorTests\BotCommandValidatorTests.csproj", "{70399150-066A-46D6-8D00-72CC226BDCEA}"
EndProject
Global
	GlobalSection(SolutionConfigurationPlatforms) = preSolution
		Debug|Any CPU = Debug|Any CPU
		Release|Any CPU = Release|Any CPU
	EndGlobalSection
	GlobalSection(ProjectConfigurationPlatforms) = postSolution
		{C14DDE23-E84A-4E25-9B47-E5272E3B1BF6}.Debug|Any CPU.ActiveCfg = Debug|Any CPU
		{C14DDE23-E84A-4E25-9B47-E5272E3B1BF6}.Debug|Any CPU.Build.0 = Debug|Any CPU
		{C14DDE23-E84A-4E25-9B47-E5272E3B1BF6}.Release|Any CPU.ActiveCfg = Release|Any CPU
		{C14DDE23-E84A-4E25-9B47-E5272E3B1BF6}.Release|Any CPU.Build.0 = Release|Any CPU
		{119494E3-E985-4EB1-BE5C-730D805ECCB4}.Debug|Any CPU.ActiveCfg = Debug|Any CPU
		{119494E3-E985-4EB1-BE5C-730D805ECCB4}.Debug|Any CPU.Build.0 = Debug|Any CPU
		{119494E3-E985-4EB1-BE5C-730D805ECCB4}.Release|Any CPU.ActiveCfg = Release|Any CPU
		{119494E3-E985-4EB1-BE5C-730D805ECCB4}.Release|Any CPU.Build.0 = Release|Any CPU
		{E94028AF-BC5A-4821-9651-EAA194F595B2}.Debug|Any CPU.ActiveCfg = Debug|Any CPU
		{E94028AF-BC5A-4821-9651-EAA194F595B2}.Debug|Any CPU.Build.0 = Debug|Any CPU
		{E94028AF-BC5A-4821-9651-EAA194F595B2}.Release|Any CPU.ActiveCfg = Release|Any CPU
		{E94028AF-BC5A-4821-9651-EAA194F595B2}.Release|Any CPU.Build.0 = Release|Any CPU
		{1297B3E2-A41A-4529-AEB5-CEFD5ABC1D93}.Debug|Any CPU.ActiveCfg = Debug|Any CPU
		{1297B3E2-A41A-4529-AEB5-CEFD5ABC1D93}.Debug|Any CPU.Build.0 = Debug|Any CPU
		{1297B3E2-A41A-4529-AEB5-CEFD5ABC1D93}.Release|Any CPU.ActiveCfg = Release|Any CPU
		{1297B3E2-A41A-4529-AEB5-CEFD5ABC1D93}.Release|Any CPU.Build.0 = Release|Any CPU
		{70399150-066A-46D6-8D00-72CC226BDCEA}.Debug|Any CPU.ActiveCfg = Debug|Any CPU
		{70399150-066A-46D6-8D00-72CC226BDCEA}.Debug|Any CPU.Build.0 = Debug|Any CPU
		{70399150-066A-46D6-8D00-72CC226BDCEA}.Release|Any CPU.ActiveCfg = Release|Any CPU
		{70399150-066A-46D6-8D00-72CC226BDCEA}.Release|Any CPU.Build.0 = Release|Any CPU
	EndGlobalSection
	GlobalSection(SolutionProperties) = preSolution
		HideSolutionNode = FALSE
	EndGlobalSection
	GlobalSection(ExtensibilityGlobals) = postSolution
		SolutionGuid = {51E241EC-E6CE-4EE3-B385-6C9EF7D12165}
	EndGlobalSection
EndGlobal
