
Microsoft Visual Studio Solution File, Format Version 12.00
# Visual Studio Version 17
VisualStudioVersion = 17.4.33213.308
MinimumVisualStudioVersion = 10.0.40219.1
Project("{2150E333-8FDC-42A3-9474-1A3956D46DE8}") = "ChatChallenge.Web", "ChatChallenge.Web", "{A79A8162-DA55-4EEA-ADCC-9E20A9022BF2}"
EndProject
Project("{2150E333-8FDC-42A3-9474-1A3956D46DE8}") = "ChatChallenge.Bot", "ChatChallenge.Bot", "{C1F4B82E-5C24-4E16-B5F2-1248880984C5}"
EndProject
Project("{2150E333-8FDC-42A3-9474-1A3956D46DE8}") = "ChatChallenge.Tests", "ChatChallenge.Tests", "{D21F448B-D60D-477A-972D-F3DB3E810B6A}"
EndProject
Project("{2150E333-8FDC-42A3-9474-1A3956D46DE8}") = "ChatChallenge.Common", "ChatChallenge.Common", "{F89A344D-4494-4B63-B007-631796ED5163}"
EndProject
Project("{9A19103F-16F7-4668-BE54-9A1E7A4F7556}") = "ChatChallenge.WebApp", "ChatChallenge.Web\ChatChallenge\ChatChallenge.WebApp.csproj", "{AFE600EC-587C-4D93-AE08-8602FC12658C}"
EndProject
Project("{9A19103F-16F7-4668-BE54-9A1E7A4F7556}") = "ChatChallenge.BotCommandValidatorTests", "ChatChallenge.Tests\BotCommandValidatorTests\ChatChallenge.BotCommandValidatorTests.csproj", "{31CE444C-35B6-4AF3-8984-AD710A74B55D}"
EndProject
Project("{9A19103F-16F7-4668-BE54-9A1E7A4F7556}") = "ChatChallenge.BotCommandValidator", "ChatChallenge.Bot\BotCommandValidator\ChatChallenge.BotCommandValidator.csproj", "{9D00DB60-9B28-439C-9A5F-D896CC0C89A9}"
EndProject
Project("{9A19103F-16F7-4668-BE54-9A1E7A4F7556}") = "ChatChallenge.StockBot", "ChatChallenge.Bot\StockBot\ChatChallenge.StockBot.csproj", "{907DDF6A-57B8-4728-9DFC-A0D650D1B998}"
EndProject
Project("{9A19103F-16F7-4668-BE54-9A1E7A4F7556}") = "ChatChallenge.Contracts", "ChatChallenge.Common\Contracts\ChatChallenge.Contracts.csproj", "{086445E2-9ACE-4558-8344-B69CE0301480}"
EndProject
Global
	GlobalSection(SolutionConfigurationPlatforms) = preSolution
		Debug|Any CPU = Debug|Any CPU
		Release|Any CPU = Release|Any CPU
	EndGlobalSection
	GlobalSection(ProjectConfigurationPlatforms) = postSolution
		{AFE600EC-587C-4D93-AE08-8602FC12658C}.Debug|Any CPU.ActiveCfg = Debug|Any CPU
		{AFE600EC-587C-4D93-AE08-8602FC12658C}.Debug|Any CPU.Build.0 = Debug|Any CPU
		{AFE600EC-587C-4D93-AE08-8602FC12658C}.Release|Any CPU.ActiveCfg = Release|Any CPU
		{AFE600EC-587C-4D93-AE08-8602FC12658C}.Release|Any CPU.Build.0 = Release|Any CPU
		{31CE444C-35B6-4AF3-8984-AD710A74B55D}.Debug|Any CPU.ActiveCfg = Debug|Any CPU
		{31CE444C-35B6-4AF3-8984-AD710A74B55D}.Debug|Any CPU.Build.0 = Debug|Any CPU
		{31CE444C-35B6-4AF3-8984-AD710A74B55D}.Release|Any CPU.ActiveCfg = Release|Any CPU
		{31CE444C-35B6-4AF3-8984-AD710A74B55D}.Release|Any CPU.Build.0 = Release|Any CPU
		{9D00DB60-9B28-439C-9A5F-D896CC0C89A9}.Debug|Any CPU.ActiveCfg = Debug|Any CPU
		{9D00DB60-9B28-439C-9A5F-D896CC0C89A9}.Debug|Any CPU.Build.0 = Debug|Any CPU
		{9D00DB60-9B28-439C-9A5F-D896CC0C89A9}.Release|Any CPU.ActiveCfg = Release|Any CPU
		{9D00DB60-9B28-439C-9A5F-D896CC0C89A9}.Release|Any CPU.Build.0 = Release|Any CPU
		{907DDF6A-57B8-4728-9DFC-A0D650D1B998}.Debug|Any CPU.ActiveCfg = Debug|Any CPU
		{907DDF6A-57B8-4728-9DFC-A0D650D1B998}.Debug|Any CPU.Build.0 = Debug|Any CPU
		{907DDF6A-57B8-4728-9DFC-A0D650D1B998}.Release|Any CPU.ActiveCfg = Release|Any CPU
		{907DDF6A-57B8-4728-9DFC-A0D650D1B998}.Release|Any CPU.Build.0 = Release|Any CPU
		{086445E2-9ACE-4558-8344-B69CE0301480}.Debug|Any CPU.ActiveCfg = Debug|Any CPU
		{086445E2-9ACE-4558-8344-B69CE0301480}.Debug|Any CPU.Build.0 = Debug|Any CPU
		{086445E2-9ACE-4558-8344-B69CE0301480}.Release|Any CPU.ActiveCfg = Release|Any CPU
		{086445E2-9ACE-4558-8344-B69CE0301480}.Release|Any CPU.Build.0 = Release|Any CPU
	EndGlobalSection
	GlobalSection(SolutionProperties) = preSolution
		HideSolutionNode = FALSE
	EndGlobalSection
	GlobalSection(NestedProjects) = preSolution
		{AFE600EC-587C-4D93-AE08-8602FC12658C} = {A79A8162-DA55-4EEA-ADCC-9E20A9022BF2}
		{31CE444C-35B6-4AF3-8984-AD710A74B55D} = {D21F448B-D60D-477A-972D-F3DB3E810B6A}
		{9D00DB60-9B28-439C-9A5F-D896CC0C89A9} = {C1F4B82E-5C24-4E16-B5F2-1248880984C5}
		{907DDF6A-57B8-4728-9DFC-A0D650D1B998} = {C1F4B82E-5C24-4E16-B5F2-1248880984C5}
		{086445E2-9ACE-4558-8344-B69CE0301480} = {F89A344D-4494-4B63-B007-631796ED5163}
	EndGlobalSection
	GlobalSection(ExtensibilityGlobals) = postSolution
		SolutionGuid = {51E241EC-E6CE-4EE3-B385-6C9EF7D12165}
	EndGlobalSection
EndGlobal
